// !$*UTF8*$!
{
	archiveVersion = 1;
	classes = {
	};
	objectVersion = 50;
	objects = {

/* Begin PBXBuildFile section */
		7B08A7B4240F06A700E1D1AD /* topologicalSort.swift in Sources */ = {isa = PBXBuildFile; fileRef = 7B08A7B3240F06A700E1D1AD /* topologicalSort.swift */; };
		7B0BCBF523F4A4EB00B3F5D4 /* evaluate.swift in Sources */ = {isa = PBXBuildFile; fileRef = 7B0BCBF423F4A4EB00B3F5D4 /* evaluate.swift */; };
		7B1CFCAD23FDE4470013762B /* treeOrder.swift in Sources */ = {isa = PBXBuildFile; fileRef = 7B1CFCAC23FDE4470013762B /* treeOrder.swift */; };
		7B329ABB240589E200A618CE /* Queue.swift in Sources */ = {isa = PBXBuildFile; fileRef = 7B329AB8240589E200A618CE /* Queue.swift */; };
		7B329ABC240589E200A618CE /* Stack.swift in Sources */ = {isa = PBXBuildFile; fileRef = 7B329AB9240589E200A618CE /* Stack.swift */; };
		7B329ABD240589E200A618CE /* Bag.swift in Sources */ = {isa = PBXBuildFile; fileRef = 7B329ABA240589E200A618CE /* Bag.swift */; };
		7B329ABF240589F400A618CE /* BFS.swift in Sources */ = {isa = PBXBuildFile; fileRef = 7B329ABE240589F400A618CE /* BFS.swift */; };
		7B329AC42405EC2200A618CE /* DFS.swift in Sources */ = {isa = PBXBuildFile; fileRef = 7B329AC32405EC2200A618CE /* DFS.swift */; };
		7B329AC62405EC7D00A618CE /* Bipartite.swift in Sources */ = {isa = PBXBuildFile; fileRef = 7B329AC52405EC7D00A618CE /* Bipartite.swift */; };
		7B329AC82405ECB900A618CE /* connectedComponents.swift in Sources */ = {isa = PBXBuildFile; fileRef = 7B329AC72405ECB900A618CE /* connectedComponents.swift */; };
		7B59758F24101D1D00949E55 /* courseSchedule.swift in Sources */ = {isa = PBXBuildFile; fileRef = 7B59758E24101D1D00949E55 /* courseSchedule.swift */; };
		7B59759124101D3B00949E55 /* courseScheduleII.swift in Sources */ = {isa = PBXBuildFile; fileRef = 7B59759024101D3A00949E55 /* courseScheduleII.swift */; };
		7B73916A2401E33500718C10 /* LCA.swift in Sources */ = {isa = PBXBuildFile; fileRef = 7B7391692401E33500718C10 /* LCA.swift */; };
		7BB3E1F424086E4D00824986 /* floodfill.swift in Sources */ = {isa = PBXBuildFile; fileRef = 7BB3E1F324086E4D00824986 /* floodfill.swift */; };
		7BB3E1F624088BBC00824986 /* sushiRestaurantReviews.swift in Sources */ = {isa = PBXBuildFile; fileRef = 7BB3E1F524088BBC00824986 /* sushiRestaurantReviews.swift */; };
		7BB3E1F82408C30700824986 /* cyclicPermutation.swift in Sources */ = {isa = PBXBuildFile; fileRef = 7BB3E1F72408C30700824986 /* cyclicPermutation.swift */; };
		7BB3E1FA2408CBD500824986 /* repeatingSequence.swift in Sources */ = {isa = PBXBuildFile; fileRef = 7BB3E1F92408CBD500824986 /* repeatingSequence.swift */; };
		7BBCBBF02406E4F400158158 /* UF.swift in Sources */ = {isa = PBXBuildFile; fileRef = 7BBCBBEF2406E4F400158158 /* UF.swift */; };
		7BCA59BA240DB9AC002B2E56 /* tomatoFarm .swift in Sources */ = {isa = PBXBuildFile; fileRef = 7BCA59B9240DB9AC002B2E56 /* tomatoFarm .swift */; };
		7BCA59BC240DBAC8002B2E56 /* sushi.swift in Sources */ = {isa = PBXBuildFile; fileRef = 7BCA59BB240DBAC8002B2E56 /* sushi.swift */; };
		7BD073F423F74E130051640D /* backtracking.swift in Sources */ = {isa = PBXBuildFile; fileRef = 7BD073F323F74E130051640D /* backtracking.swift */; };
		7BE40D6B23F3706100935C88 /* QuickSort.swift in Sources */ = {isa = PBXBuildFile; fileRef = 7BE40D6A23F3706100935C88 /* QuickSort.swift */; };
		7BE40D6E23F3712500935C88 /* recursive.swift in Sources */ = {isa = PBXBuildFile; fileRef = 7BE40D6D23F3712500935C88 /* recursive.swift */; };
		7BE40D7023F3763B00935C88 /* String+DPStringTool.swift in Sources */ = {isa = PBXBuildFile; fileRef = 7BE40D6F23F3763B00935C88 /* String+DPStringTool.swift */; };
		7BE6187D23F2200F0010DCF9 /* main.swift in Sources */ = {isa = PBXBuildFile; fileRef = 7BE6187C23F2200F0010DCF9 /* main.swift */; };
		7BE6188523F2208C0010DCF9 /* Searching.swift in Sources */ = {isa = PBXBuildFile; fileRef = 7BE6188423F2208C0010DCF9 /* Searching.swift */; };
		7BE6188723F228800010DCF9 /* Sort.swift in Sources */ = {isa = PBXBuildFile; fileRef = 7BE6188623F228800010DCF9 /* Sort.swift */; };
		7BEE0D4F2400873700EC5EFE /* howIsMyParent.swift in Sources */ = {isa = PBXBuildFile; fileRef = 7BEE0D4E2400873700EC5EFE /* howIsMyParent.swift */; };
		7BEE0D51240091E300EC5EFE /* Diameter.swift in Sources */ = {isa = PBXBuildFile; fileRef = 7BEE0D50240091E300EC5EFE /* Diameter.swift */; };
/* End PBXBuildFile section */

/* Begin PBXCopyFilesBuildPhase section */
		7BE6187723F2200F0010DCF9 /* CopyFiles */ = {
			isa = PBXCopyFilesBuildPhase;
			buildActionMask = 2147483647;
			dstPath = /usr/share/man/man1/;
			dstSubfolderSpec = 0;
			files = (
			);
			runOnlyForDeploymentPostprocessing = 1;
		};
/* End PBXCopyFilesBuildPhase section */

/* Begin PBXFileReference section */
		7B08A7B3240F06A700E1D1AD /* topologicalSort.swift */ = {isa = PBXFileReference; lastKnownFileType = sourcecode.swift; path = topologicalSort.swift; sourceTree = "<group>"; };
		7B0BCBF423F4A4EB00B3F5D4 /* evaluate.swift */ = {isa = PBXFileReference; lastKnownFileType = sourcecode.swift; path = evaluate.swift; sourceTree = "<group>"; };
		7B1CFCAC23FDE4470013762B /* treeOrder.swift */ = {isa = PBXFileReference; lastKnownFileType = sourcecode.swift; path = treeOrder.swift; sourceTree = "<group>"; };
		7B329AB8240589E200A618CE /* Queue.swift */ = {isa = PBXFileReference; fileEncoding = 4; lastKnownFileType = sourcecode.swift; name = Queue.swift; path = ../../../Bag_Stack_Queue/Bag_Stack_Queue/Queue.swift; sourceTree = "<group>"; };
		7B329AB9240589E200A618CE /* Stack.swift */ = {isa = PBXFileReference; fileEncoding = 4; lastKnownFileType = sourcecode.swift; name = Stack.swift; path = ../../../Bag_Stack_Queue/Bag_Stack_Queue/Stack.swift; sourceTree = "<group>"; };
		7B329ABA240589E200A618CE /* Bag.swift */ = {isa = PBXFileReference; fileEncoding = 4; lastKnownFileType = sourcecode.swift; name = Bag.swift; path = ../../../Bag_Stack_Queue/Bag_Stack_Queue/Bag.swift; sourceTree = "<group>"; };
		7B329ABE240589F400A618CE /* BFS.swift */ = {isa = PBXFileReference; fileEncoding = 4; lastKnownFileType = sourcecode.swift; path = BFS.swift; sourceTree = "<group>"; };
		7B329AC32405EC2200A618CE /* DFS.swift */ = {isa = PBXFileReference; lastKnownFileType = sourcecode.swift; path = DFS.swift; sourceTree = "<group>"; };
		7B329AC52405EC7D00A618CE /* Bipartite.swift */ = {isa = PBXFileReference; lastKnownFileType = sourcecode.swift; path = Bipartite.swift; sourceTree = "<group>"; };
		7B329AC72405ECB900A618CE /* connectedComponents.swift */ = {isa = PBXFileReference; lastKnownFileType = sourcecode.swift; path = connectedComponents.swift; sourceTree = "<group>"; };
		7B33062023F4F62200BED428 /* story.txt */ = {isa = PBXFileReference; lastKnownFileType = text; path = story.txt; sourceTree = "<group>"; };
		7B59758E24101D1D00949E55 /* courseSchedule.swift */ = {isa = PBXFileReference; lastKnownFileType = sourcecode.swift; path = courseSchedule.swift; sourceTree = "<group>"; };
		7B59759024101D3A00949E55 /* courseScheduleII.swift */ = {isa = PBXFileReference; lastKnownFileType = sourcecode.swift; path = courseScheduleII.swift; sourceTree = "<group>"; };
		7B7391692401E33500718C10 /* LCA.swift */ = {isa = PBXFileReference; lastKnownFileType = sourcecode.swift; path = LCA.swift; sourceTree = "<group>"; };
		7BB3E1F324086E4D00824986 /* floodfill.swift */ = {isa = PBXFileReference; lastKnownFileType = sourcecode.swift; path = floodfill.swift; sourceTree = "<group>"; };
		7BB3E1F524088BBC00824986 /* sushiRestaurantReviews.swift */ = {isa = PBXFileReference; lastKnownFileType = sourcecode.swift; path = sushiRestaurantReviews.swift; sourceTree = "<group>"; };
		7BB3E1F72408C30700824986 /* cyclicPermutation.swift */ = {isa = PBXFileReference; lastKnownFileType = sourcecode.swift; path = cyclicPermutation.swift; sourceTree = "<group>"; };
		7BB3E1F92408CBD500824986 /* repeatingSequence.swift */ = {isa = PBXFileReference; lastKnownFileType = sourcecode.swift; path = repeatingSequence.swift; sourceTree = "<group>"; };
		7BBCBBEF2406E4F400158158 /* UF.swift */ = {isa = PBXFileReference; fileEncoding = 4; lastKnownFileType = sourcecode.swift; path = UF.swift; sourceTree = "<group>"; };
		7BCA59B9240DB9AC002B2E56 /* tomatoFarm .swift */ = {isa = PBXFileReference; fileEncoding = 4; lastKnownFileType = sourcecode.swift; path = "tomatoFarm .swift"; sourceTree = "<group>"; };
		7BCA59BB240DBAC8002B2E56 /* sushi.swift */ = {isa = PBXFileReference; lastKnownFileType = sourcecode.swift; path = sushi.swift; sourceTree = "<group>"; };
		7BD073F323F74E130051640D /* backtracking.swift */ = {isa = PBXFileReference; lastKnownFileType = sourcecode.swift; path = backtracking.swift; sourceTree = "<group>"; };
		7BE40D6A23F3706100935C88 /* QuickSort.swift */ = {isa = PBXFileReference; lastKnownFileType = sourcecode.swift; path = QuickSort.swift; sourceTree = "<group>"; };
		7BE40D6D23F3712500935C88 /* recursive.swift */ = {isa = PBXFileReference; lastKnownFileType = sourcecode.swift; path = recursive.swift; sourceTree = "<group>"; };
		7BE40D6F23F3763B00935C88 /* String+DPStringTool.swift */ = {isa = PBXFileReference; fileEncoding = 4; lastKnownFileType = sourcecode.swift; path = "String+DPStringTool.swift"; sourceTree = "<group>"; };
		7BE6187923F2200F0010DCF9 /* SwiftAlgorithms */ = {isa = PBXFileReference; explicitFileType = "compiled.mach-o.executable"; includeInIndex = 0; path = SwiftAlgorithms; sourceTree = BUILT_PRODUCTS_DIR; };
		7BE6187C23F2200F0010DCF9 /* main.swift */ = {isa = PBXFileReference; lastKnownFileType = sourcecode.swift; path = main.swift; sourceTree = "<group>"; };
		7BE6188423F2208C0010DCF9 /* Searching.swift */ = {isa = PBXFileReference; lastKnownFileType = sourcecode.swift; path = Searching.swift; sourceTree = "<group>"; };
		7BE6188623F228800010DCF9 /* Sort.swift */ = {isa = PBXFileReference; lastKnownFileType = sourcecode.swift; path = Sort.swift; sourceTree = "<group>"; };
		7BEE0D4E2400873700EC5EFE /* howIsMyParent.swift */ = {isa = PBXFileReference; lastKnownFileType = sourcecode.swift; path = howIsMyParent.swift; sourceTree = "<group>"; };
		7BEE0D50240091E300EC5EFE /* Diameter.swift */ = {isa = PBXFileReference; lastKnownFileType = sourcecode.swift; path = Diameter.swift; sourceTree = "<group>"; };
/* End PBXFileReference section */

/* Begin PBXFrameworksBuildPhase section */
		7BE6187623F2200F0010DCF9 /* Frameworks */ = {
			isa = PBXFrameworksBuildPhase;
			buildActionMask = 2147483647;
			files = (
			);
			runOnlyForDeploymentPostprocessing = 0;
		};
/* End PBXFrameworksBuildPhase section */

/* Begin PBXGroup section */
		7B08A7B2240F025300E1D1AD /* DAG */ = {
			isa = PBXGroup;
			children = (
				7B08A7B3240F06A700E1D1AD /* topologicalSort.swift */,
				7B59758E24101D1D00949E55 /* courseSchedule.swift */,
				7B59759024101D3A00949E55 /* courseScheduleII.swift */,
			);
			path = DAG;
			sourceTree = "<group>";
		};
		7B1CFCAB23FDE4300013762B /* Tree */ = {
			isa = PBXGroup;
			children = (
				7B1CFCAC23FDE4470013762B /* treeOrder.swift */,
				7B7391692401E33500718C10 /* LCA.swift */,
			);
			path = Tree;
			sourceTree = "<group>";
		};
		7B329AB7240589C100A618CE /* bagstackqueue */ = {
			isa = PBXGroup;
			children = (
				7B329ABA240589E200A618CE /* Bag.swift */,
				7B329AB8240589E200A618CE /* Queue.swift */,
				7B329AB9240589E200A618CE /* Stack.swift */,
			);
			path = bagstackqueue;
			sourceTree = "<group>";
		};
		7B329AC22405E5F300A618CE /* union */ = {
			isa = PBXGroup;
			children = (
				7BBCBBEF2406E4F400158158 /* UF.swift */,
			);
			path = union;
			sourceTree = "<group>";
		};
		7BB3E1F224086E3B00824986 /* flood fill */ = {
			isa = PBXGroup;
			children = (
				7BB3E1F324086E4D00824986 /* floodfill.swift */,
				7BCA59B9240DB9AC002B2E56 /* tomatoFarm .swift */,
			);
			path = "flood fill";
			sourceTree = "<group>";
		};
		7BD073F223F74DA50051640D /* backtracking */ = {
			isa = PBXGroup;
			children = (
				7BD073F323F74E130051640D /* backtracking.swift */,
			);
			path = backtracking;
			sourceTree = "<group>";
		};
		7BE40D6C23F3711100935C88 /* recursive */ = {
			isa = PBXGroup;
			children = (
				7B33062023F4F62200BED428 /* story.txt */,
				7BE40D6D23F3712500935C88 /* recursive.swift */,
				7B0BCBF423F4A4EB00B3F5D4 /* evaluate.swift */,
			);
			path = recursive;
			sourceTree = "<group>";
		};
		7BE6187023F2200F0010DCF9 = {
			isa = PBXGroup;
			children = (
				7BE6187B23F2200F0010DCF9 /* SwiftAlgorithms */,
				7BE6187A23F2200F0010DCF9 /* Products */,
			);
			sourceTree = "<group>";
		};
		7BE6187A23F2200F0010DCF9 /* Products */ = {
			isa = PBXGroup;
			children = (
				7BE6187923F2200F0010DCF9 /* SwiftAlgorithms */,
			);
			name = Products;
			sourceTree = "<group>";
		};
		7BE6187B23F2200F0010DCF9 /* SwiftAlgorithms */ = {
			isa = PBXGroup;
			children = (
				7B08A7B2240F025300E1D1AD /* DAG */,
				7BB3E1F224086E3B00824986 /* flood fill */,
				7B329AC22405E5F300A618CE /* union */,
				7B329AB7240589C100A618CE /* bagstackqueue */,
				7BEBE7D224049DBB001CC617 /* graph */,
				7BEE0D4D240086AF00EC5EFE /* Quiz */,
				7B1CFCAB23FDE4300013762B /* Tree */,
				7BD073F223F74DA50051640D /* backtracking */,
				7BE40D6F23F3763B00935C88 /* String+DPStringTool.swift */,
				7BE40D6C23F3711100935C88 /* recursive */,
				7BE6188323F2205E0010DCF9 /* SearchingAndSorting */,
				7BE6187C23F2200F0010DCF9 /* main.swift */,
			);
			path = SwiftAlgorithms;
			sourceTree = "<group>";
		};
		7BE6188323F2205E0010DCF9 /* SearchingAndSorting */ = {
			isa = PBXGroup;
			children = (
				7BE6188423F2208C0010DCF9 /* Searching.swift */,
				7BE6188623F228800010DCF9 /* Sort.swift */,
				7BE40D6A23F3706100935C88 /* QuickSort.swift */,
			);
			path = SearchingAndSorting;
			sourceTree = "<group>";
		};
		7BEBE7D224049DBB001CC617 /* graph */ = {
			isa = PBXGroup;
			children = (
				7B329ABE240589F400A618CE /* BFS.swift */,
				7B329AC32405EC2200A618CE /* DFS.swift */,
				7B329AC52405EC7D00A618CE /* Bipartite.swift */,
				7B329AC72405ECB900A618CE /* connectedComponents.swift */,
				7BB3E1F524088BBC00824986 /* sushiRestaurantReviews.swift */,
				7BB3E1F72408C30700824986 /* cyclicPermutation.swift */,
				7BB3E1F92408CBD500824986 /* repeatingSequence.swift */,
				7BCA59BB240DBAC8002B2E56 /* sushi.swift */,
			);
			path = graph;
			sourceTree = "<group>";
		};
		7BEE0D4D240086AF00EC5EFE /* Quiz */ = {
			isa = PBXGroup;
			children = (
				7BEE0D4E2400873700EC5EFE /* howIsMyParent.swift */,
				7BEE0D50240091E300EC5EFE /* Diameter.swift */,
			);
			path = Quiz;
			sourceTree = "<group>";
		};
/* End PBXGroup section */

/* Begin PBXNativeTarget section */
		7BE6187823F2200F0010DCF9 /* SwiftAlgorithms */ = {
			isa = PBXNativeTarget;
			buildConfigurationList = 7BE6188023F2200F0010DCF9 /* Build configuration list for PBXNativeTarget "SwiftAlgorithms" */;
			buildPhases = (
				7BE6187523F2200F0010DCF9 /* Sources */,
				7BE6187623F2200F0010DCF9 /* Frameworks */,
				7BE6187723F2200F0010DCF9 /* CopyFiles */,
			);
			buildRules = (
			);
			dependencies = (
			);
			name = SwiftAlgorithms;
			productName = SwiftAlgorithms;
			productReference = 7BE6187923F2200F0010DCF9 /* SwiftAlgorithms */;
			productType = "com.apple.product-type.tool";
		};
/* End PBXNativeTarget section */

/* Begin PBXProject section */
		7BE6187123F2200F0010DCF9 /* Project object */ = {
			isa = PBXProject;
			attributes = {
				LastSwiftUpdateCheck = 1130;
				LastUpgradeCheck = 1130;
				ORGANIZATIONNAME = "Aaron Chen";
				TargetAttributes = {
					7BE6187823F2200F0010DCF9 = {
						CreatedOnToolsVersion = 11.3.1;
					};
				};
			};
			buildConfigurationList = 7BE6187423F2200F0010DCF9 /* Build configuration list for PBXProject "SwiftAlgorithms" */;
			compatibilityVersion = "Xcode 9.3";
			developmentRegion = en;
			hasScannedForEncodings = 0;
			knownRegions = (
				en,
				Base,
			);
			mainGroup = 7BE6187023F2200F0010DCF9;
			productRefGroup = 7BE6187A23F2200F0010DCF9 /* Products */;
			projectDirPath = "";
			projectRoot = "";
			targets = (
				7BE6187823F2200F0010DCF9 /* SwiftAlgorithms */,
			);
		};
/* End PBXProject section */

/* Begin PBXSourcesBuildPhase section */
		7BE6187523F2200F0010DCF9 /* Sources */ = {
			isa = PBXSourcesBuildPhase;
			buildActionMask = 2147483647;
			files = (
				7BCA59BC240DBAC8002B2E56 /* sushi.swift in Sources */,
				7BD073F423F74E130051640D /* backtracking.swift in Sources */,
				7B329ABC240589E200A618CE /* Stack.swift in Sources */,
				7BB3E1FA2408CBD500824986 /* repeatingSequence.swift in Sources */,
				7B329ABB240589E200A618CE /* Queue.swift in Sources */,
				7B59759124101D3B00949E55 /* courseScheduleII.swift in Sources */,
				7B08A7B4240F06A700E1D1AD /* topologicalSort.swift in Sources */,
				7BB3E1F624088BBC00824986 /* sushiRestaurantReviews.swift in Sources */,
				7BE6188523F2208C0010DCF9 /* Searching.swift in Sources */,
				7BEE0D51240091E300EC5EFE /* Diameter.swift in Sources */,
				7BEE0D4F2400873700EC5EFE /* howIsMyParent.swift in Sources */,
				7B73916A2401E33500718C10 /* LCA.swift in Sources */,
				7BE40D6E23F3712500935C88 /* recursive.swift in Sources */,
				7BCA59BA240DB9AC002B2E56 /* tomatoFarm .swift in Sources */,
				7B329AC82405ECB900A618CE /* connectedComponents.swift in Sources */,
				7B329AC62405EC7D00A618CE /* Bipartite.swift in Sources */,
				7BE6187D23F2200F0010DCF9 /* main.swift in Sources */,
				7BE40D7023F3763B00935C88 /* String+DPStringTool.swift in Sources */,
				7B329AC42405EC2200A618CE /* DFS.swift in Sources */,
				7B0BCBF523F4A4EB00B3F5D4 /* evaluate.swift in Sources */,
				7BB3E1F424086E4D00824986 /* floodfill.swift in Sources */,
				7BE6188723F228800010DCF9 /* Sort.swift in Sources */,
				7B59758F24101D1D00949E55 /* courseSchedule.swift in Sources */,
				7BB3E1F82408C30700824986 /* cyclicPermutation.swift in Sources */,
				7BE40D6B23F3706100935C88 /* QuickSort.swift in Sources */,
				7B329ABD240589E200A618CE /* Bag.swift in Sources */,
				7B329ABF240589F400A618CE /* BFS.swift in Sources */,
				7BBCBBF02406E4F400158158 /* UF.swift in Sources */,
				7B1CFCAD23FDE4470013762B /* treeOrder.swift in Sources */,
			);
			runOnlyForDeploymentPostprocessing = 0;
		};
/* End PBXSourcesBuildPhase section */

/* Begin XCBuildConfiguration section */
		7BE6187E23F2200F0010DCF9 /* Debug */ = {
			isa = XCBuildConfiguration;
			buildSettings = {
				ALWAYS_SEARCH_USER_PATHS = NO;
				CLANG_ANALYZER_NONNULL = YES;
				CLANG_ANALYZER_NUMBER_OBJECT_CONVERSION = YES_AGGRESSIVE;
				CLANG_CXX_LANGUAGE_STANDARD = "gnu++14";
				CLANG_CXX_LIBRARY = "libc++";
				CLANG_ENABLE_MODULES = YES;
				CLANG_ENABLE_OBJC_ARC = YES;
				CLANG_ENABLE_OBJC_WEAK = YES;
				CLANG_WARN_BLOCK_CAPTURE_AUTORELEASING = YES;
				CLANG_WARN_BOOL_CONVERSION = YES;
				CLANG_WARN_COMMA = YES;
				CLANG_WARN_CONSTANT_CONVERSION = YES;
				CLANG_WARN_DEPRECATED_OBJC_IMPLEMENTATIONS = YES;
				CLANG_WARN_DIRECT_OBJC_ISA_USAGE = YES_ERROR;
				CLANG_WARN_DOCUMENTATION_COMMENTS = YES;
				CLANG_WARN_EMPTY_BODY = YES;
				CLANG_WARN_ENUM_CONVERSION = YES;
				CLANG_WARN_INFINITE_RECURSION = YES;
				CLANG_WARN_INT_CONVERSION = YES;
				CLANG_WARN_NON_LITERAL_NULL_CONVERSION = YES;
				CLANG_WARN_OBJC_IMPLICIT_RETAIN_SELF = YES;
				CLANG_WARN_OBJC_LITERAL_CONVERSION = YES;
				CLANG_WARN_OBJC_ROOT_CLASS = YES_ERROR;
				CLANG_WARN_RANGE_LOOP_ANALYSIS = YES;
				CLANG_WARN_STRICT_PROTOTYPES = YES;
				CLANG_WARN_SUSPICIOUS_MOVE = YES;
				CLANG_WARN_UNGUARDED_AVAILABILITY = YES_AGGRESSIVE;
				CLANG_WARN_UNREACHABLE_CODE = YES;
				CLANG_WARN__DUPLICATE_METHOD_MATCH = YES;
				COPY_PHASE_STRIP = NO;
				DEBUG_INFORMATION_FORMAT = dwarf;
				ENABLE_STRICT_OBJC_MSGSEND = YES;
				ENABLE_TESTABILITY = YES;
				GCC_C_LANGUAGE_STANDARD = gnu11;
				GCC_DYNAMIC_NO_PIC = NO;
				GCC_NO_COMMON_BLOCKS = YES;
				GCC_OPTIMIZATION_LEVEL = 0;
				GCC_PREPROCESSOR_DEFINITIONS = (
					"DEBUG=1",
					"$(inherited)",
				);
				GCC_WARN_64_TO_32_BIT_CONVERSION = YES;
				GCC_WARN_ABOUT_RETURN_TYPE = YES_ERROR;
				GCC_WARN_UNDECLARED_SELECTOR = YES;
				GCC_WARN_UNINITIALIZED_AUTOS = YES_AGGRESSIVE;
				GCC_WARN_UNUSED_FUNCTION = YES;
				GCC_WARN_UNUSED_VARIABLE = YES;
				MACOSX_DEPLOYMENT_TARGET = 10.15;
				MTL_ENABLE_DEBUG_INFO = INCLUDE_SOURCE;
				MTL_FAST_MATH = YES;
				ONLY_ACTIVE_ARCH = YES;
				SDKROOT = macosx;
				SWIFT_ACTIVE_COMPILATION_CONDITIONS = DEBUG;
				SWIFT_OPTIMIZATION_LEVEL = "-Onone";
			};
			name = Debug;
		};
		7BE6187F23F2200F0010DCF9 /* Release */ = {
			isa = XCBuildConfiguration;
			buildSettings = {
				ALWAYS_SEARCH_USER_PATHS = NO;
				CLANG_ANALYZER_NONNULL = YES;
				CLANG_ANALYZER_NUMBER_OBJECT_CONVERSION = YES_AGGRESSIVE;
				CLANG_CXX_LANGUAGE_STANDARD = "gnu++14";
				CLANG_CXX_LIBRARY = "libc++";
				CLANG_ENABLE_MODULES = YES;
				CLANG_ENABLE_OBJC_ARC = YES;
				CLANG_ENABLE_OBJC_WEAK = YES;
				CLANG_WARN_BLOCK_CAPTURE_AUTORELEASING = YES;
				CLANG_WARN_BOOL_CONVERSION = YES;
				CLANG_WARN_COMMA = YES;
				CLANG_WARN_CONSTANT_CONVERSION = YES;
				CLANG_WARN_DEPRECATED_OBJC_IMPLEMENTATIONS = YES;
				CLANG_WARN_DIRECT_OBJC_ISA_USAGE = YES_ERROR;
				CLANG_WARN_DOCUMENTATION_COMMENTS = YES;
				CLANG_WARN_EMPTY_BODY = YES;
				CLANG_WARN_ENUM_CONVERSION = YES;
				CLANG_WARN_INFINITE_RECURSION = YES;
				CLANG_WARN_INT_CONVERSION = YES;
				CLANG_WARN_NON_LITERAL_NULL_CONVERSION = YES;
				CLANG_WARN_OBJC_IMPLICIT_RETAIN_SELF = YES;
				CLANG_WARN_OBJC_LITERAL_CONVERSION = YES;
				CLANG_WARN_OBJC_ROOT_CLASS = YES_ERROR;
				CLANG_WARN_RANGE_LOOP_ANALYSIS = YES;
				CLANG_WARN_STRICT_PROTOTYPES = YES;
				CLANG_WARN_SUSPICIOUS_MOVE = YES;
				CLANG_WARN_UNGUARDED_AVAILABILITY = YES_AGGRESSIVE;
				CLANG_WARN_UNREACHABLE_CODE = YES;
				CLANG_WARN__DUPLICATE_METHOD_MATCH = YES;
				COPY_PHASE_STRIP = NO;
				DEBUG_INFORMATION_FORMAT = "dwarf-with-dsym";
				ENABLE_NS_ASSERTIONS = NO;
				ENABLE_STRICT_OBJC_MSGSEND = YES;
				GCC_C_LANGUAGE_STANDARD = gnu11;
				GCC_NO_COMMON_BLOCKS = YES;
				GCC_WARN_64_TO_32_BIT_CONVERSION = YES;
				GCC_WARN_ABOUT_RETURN_TYPE = YES_ERROR;
				GCC_WARN_UNDECLARED_SELECTOR = YES;
				GCC_WARN_UNINITIALIZED_AUTOS = YES_AGGRESSIVE;
				GCC_WARN_UNUSED_FUNCTION = YES;
				GCC_WARN_UNUSED_VARIABLE = YES;
				MACOSX_DEPLOYMENT_TARGET = 10.15;
				MTL_ENABLE_DEBUG_INFO = NO;
				MTL_FAST_MATH = YES;
				SDKROOT = macosx;
				SWIFT_COMPILATION_MODE = wholemodule;
				SWIFT_OPTIMIZATION_LEVEL = "-O";
			};
			name = Release;
		};
		7BE6188123F2200F0010DCF9 /* Debug */ = {
			isa = XCBuildConfiguration;
			buildSettings = {
				CODE_SIGN_STYLE = Automatic;
				PRODUCT_NAME = "$(TARGET_NAME)";
				SWIFT_VERSION = 5.0;
			};
			name = Debug;
		};
		7BE6188223F2200F0010DCF9 /* Release */ = {
			isa = XCBuildConfiguration;
			buildSettings = {
				CODE_SIGN_STYLE = Automatic;
				PRODUCT_NAME = "$(TARGET_NAME)";
				SWIFT_VERSION = 5.0;
			};
			name = Release;
		};
/* End XCBuildConfiguration section */

/* Begin XCConfigurationList section */
		7BE6187423F2200F0010DCF9 /* Build configuration list for PBXProject "SwiftAlgorithms" */ = {
			isa = XCConfigurationList;
			buildConfigurations = (
				7BE6187E23F2200F0010DCF9 /* Debug */,
				7BE6187F23F2200F0010DCF9 /* Release */,
			);
			defaultConfigurationIsVisible = 0;
			defaultConfigurationName = Release;
		};
		7BE6188023F2200F0010DCF9 /* Build configuration list for PBXNativeTarget "SwiftAlgorithms" */ = {
			isa = XCConfigurationList;
			buildConfigurations = (
				7BE6188123F2200F0010DCF9 /* Debug */,
				7BE6188223F2200F0010DCF9 /* Release */,
			);
			defaultConfigurationIsVisible = 0;
			defaultConfigurationName = Release;
		};
/* End XCConfigurationList section */
	};
	rootObject = 7BE6187123F2200F0010DCF9 /* Project object */;
}
